
Microsoft Visual Studio Solution File, Format Version 12.00
# Visual Studio Version 17
VisualStudioVersion = 17.0.32112.339
MinimumVisualStudioVersion = 10.0.40219.1
Project("{FAE04EC0-301F-11D3-BF4B-00C04F79EFBC}") = "graphNodeTest", "graphNodeTest.csproj", "{B940EC15-11FA-40D9-AF6C-E17E0FC30BC3}"
EndProject
Global
	GlobalSection(SolutionConfigurationPlatforms) = preSolution
		Debug|Any CPU = Debug|Any CPU
		Release|Any CPU = Release|Any CPU
	EndGlobalSection
	GlobalSection(ProjectConfigurationPlatforms) = postSolution
		{B940EC15-11FA-40D9-AF6C-E17E0FC30BC3}.Debug|Any CPU.ActiveCfg = Debug|Any CPU
		{B940EC15-11FA-40D9-AF6C-E17E0FC30BC3}.Debug|Any CPU.Build.0 = Debug|Any CPU
		{B940EC15-11FA-40D9-AF6C-E17E0FC30BC3}.Release|Any CPU.ActiveCfg = Release|Any CPU
		{B940EC15-11FA-40D9-AF6C-E17E0FC30BC3}.Release|Any CPU.Build.0 = Release|Any CPU
	EndGlobalSection
	GlobalSection(SolutionProperties) = preSolution
		HideSolutionNode = FALSE
	EndGlobalSection
	GlobalSection(ExtensibilityGlobals) = postSolution
		SolutionGuid = {FA26C96F-19E1-4728-913C-4C940E55048E}
	EndGlobalSection
EndGlobal
